
Microsoft Visual Studio Solution File, Format Version 12.00
# Visual Studio Version 17
VisualStudioVersion = 17.4.33213.308
MinimumVisualStudioVersion = 10.0.40219.1
Project("{FAE04EC0-301F-11D3-BF4B-00C04F79EFBC}") = "CosmosDbAPI", "CosmosDbAPI\CosmosDbAPI.csproj", "{4AD53DB8-19E4-4913-A8FD-4546C2110BE0}"
EndProject
Global
	GlobalSection(SolutionConfigurationPlatforms) = preSolution
		Debug|Any CPU = Debug|Any CPU
		Release|Any CPU = Release|Any CPU
	EndGlobalSection
	GlobalSection(ProjectConfigurationPlatforms) = postSolution
		{4AD53DB8-19E4-4913-A8FD-4546C2110BE0}.Debug|Any CPU.ActiveCfg = Debug|Any CPU
		{4AD53DB8-19E4-4913-A8FD-4546C2110BE0}.Debug|Any CPU.Build.0 = Debug|Any CPU
		{4AD53DB8-19E4-4913-A8FD-4546C2110BE0}.Release|Any CPU.ActiveCfg = Release|Any CPU
		{4AD53DB8-19E4-4913-A8FD-4546C2110BE0}.Release|Any CPU.Build.0 = Release|Any CPU
	EndGlobalSection
	GlobalSection(SolutionProperties) = preSolution
		HideSolutionNode = FALSE
	EndGlobalSection
	GlobalSection(ExtensibilityGlobals) = postSolution
		SolutionGuid = {E7AFB1AF-AC71-4A0B-86E5-4634ABB0877E}
	EndGlobalSection
EndGlobal
